Microsoft Visual Studio Solution File, Format Version 12.00
# Visual Studio Version 17
VisualStudioVersion = 17.5.2.0
MinimumVisualStudioVersion = 10.0.40219.1
Project("{2150E333-8FDC-42A3-9474-1A3956D46DE8}") = "RepoSync", "RepoSync", "{915C5E0F-61DE-ACE3-D224-9E6901E8107E}"
EndProject
Project("{FAE04EC0-301F-11D3-BF4B-00C04F79EFBC}") = "RepoSync", "RepoSync\RepoSync\RepoSync.csproj", "{701B888D-F862-1BC7-7ABC-16061B9BAD11}"
EndProject
Global
	GlobalSection(SolutionConfigurationPlatforms) = preSolution
		Debug|Any CPU = Debug|Any CPU
		Release|Any CPU = Release|Any CPU
	EndGlobalSection
	GlobalSection(ProjectConfigurationPlatforms) = postSolution
		{701B888D-F862-1BC7-7ABC-16061B9BAD11}.Debug|Any CPU.ActiveCfg = Debug|Any CPU
		{701B888D-F862-1BC7-7ABC-16061B9BAD11}.Debug|Any CPU.Build.0 = Debug|Any CPU
		{701B888D-F862-1BC7-7ABC-16061B9BAD11}.Release|Any CPU.ActiveCfg = Release|Any CPU
		{701B888D-F862-1BC7-7ABC-16061B9BAD11}.Release|Any CPU.Build.0 = Release|Any CPU
	EndGlobalSection
	GlobalSection(SolutionProperties) = preSolution
		HideSolutionNode = FALSE
	EndGlobalSection
	GlobalSection(NestedProjects) = preSolution
		{701B888D-F862-1BC7-7ABC-16061B9BAD11} = {915C5E0F-61DE-ACE3-D224-9E6901E8107E}
	EndGlobalSection
	GlobalSection(ExtensibilityGlobals) = postSolution
		SolutionGuid = {1B33A9E2-C850-46C6-B396-44F4231D1BB7}
	EndGlobalSection
EndGlobal
