
Microsoft Visual Studio Solution File, Format Version 12.00
# Visual Studio Version 18
VisualStudioVersion = 18.3.11505.172
MinimumVisualStudioVersion = 10.0.40219.1
Project("{2150E333-8FDC-42A3-9474-1A3956D46DE8}") = "RepoSync", "RepoSync", "{915C5E0F-61DE-ACE3-D224-9E6901E8107E}"
EndProject
Project("{FAE04EC0-301F-11D3-BF4B-00C04F79EFBC}") = "RepoSync", "RepoSync\RepoSync\RepoSync.csproj", "{701B888D-F862-1BC7-7ABC-16061B9BAD11}"
EndProject
Project("{2150E333-8FDC-42A3-9474-1A3956D46DE8}") = "Files", "Files", "{2B3BBAF6-D762-42F0-932E-A1B502101450}"
	ProjectSection(SolutionItems) = preProject
		.editorconfig = .editorconfig
		.gitignore = .gitignore
		build-and-run.sh = build-and-run.sh
		CentOS-Vault.repo = CentOS-Vault.repo
		docker-compose.yml = docker-compose.yml
		Dockerfile = Dockerfile
		nginx.conf = nginx.conf
		README.md = README.md
	EndProjectSection
EndProject
Global
	GlobalSection(SolutionConfigurationPlatforms) = preSolution
		Debug|Any CPU = Debug|Any CPU
		Release|Any CPU = Release|Any CPU
	EndGlobalSection
	GlobalSection(ProjectConfigurationPlatforms) = postSolution
		{701B888D-F862-1BC7-7ABC-16061B9BAD11}.Debug|Any CPU.ActiveCfg = Debug|Any CPU
		{701B888D-F862-1BC7-7ABC-16061B9BAD11}.Debug|Any CPU.Build.0 = Debug|Any CPU
		{701B888D-F862-1BC7-7ABC-16061B9BAD11}.Release|Any CPU.ActiveCfg = Release|Any CPU
		{701B888D-F862-1BC7-7ABC-16061B9BAD11}.Release|Any CPU.Build.0 = Release|Any CPU
	EndGlobalSection
	GlobalSection(SolutionProperties) = preSolution
		HideSolutionNode = FALSE
	EndGlobalSection
	GlobalSection(NestedProjects) = preSolution
		{701B888D-F862-1BC7-7ABC-16061B9BAD11} = {915C5E0F-61DE-ACE3-D224-9E6901E8107E}
	EndGlobalSection
	GlobalSection(ExtensibilityGlobals) = postSolution
		SolutionGuid = {1B33A9E2-C850-46C6-B396-44F4231D1BB7}
	EndGlobalSection
EndGlobal
